
Microsoft Visual Studio Solution File, Format Version 12.00
# Visual Studio Version 17
VisualStudioVersion = 17.7.34221.43
MinimumVisualStudioVersion = 10.0.40219.1
Project("{FAE04EC0-301F-11D3-BF4B-00C04F79EFBC}") = "Taskimus.Desktop", "Taskimus.Desktop\Taskimus.Desktop.csproj", "{32BB3CDC-22AB-4993-970D-21B55CA90556}"
EndProject
Global
	GlobalSection(SolutionConfigurationPlatforms) = preSolution
		Debug|Any CPU = Debug|Any CPU
		Release|Any CPU = Release|Any CPU
	EndGlobalSection
	GlobalSection(ProjectConfigurationPlatforms) = postSolution
		{32BB3CDC-22AB-4993-970D-21B55CA90556}.Debug|Any CPU.ActiveCfg = Debug|Any CPU
		{32BB3CDC-22AB-4993-970D-21B55CA90556}.Debug|Any CPU.Build.0 = Debug|Any CPU
		{32BB3CDC-22AB-4993-970D-21B55CA90556}.Release|Any CPU.ActiveCfg = Release|Any CPU
		{32BB3CDC-22AB-4993-970D-21B55CA90556}.Release|Any CPU.Build.0 = Release|Any CPU
	EndGlobalSection
	GlobalSection(SolutionProperties) = preSolution
		HideSolutionNode = FALSE
	EndGlobalSection
	GlobalSection(ExtensibilityGlobals) = postSolution
		SolutionGuid = {F116EBEB-ADCB-4188-8360-8704D453DB82}
	EndGlobalSection
EndGlobal
